Microsoft Visual Studio Solution File, Format Version 12.00
# Visual Studio 2012
Project("{FAE04EC0-301F-11D3-BF4B-00C04F79EFBC}") = "2d Map", "2d Map.csproj", "{0432D205-9A37-4743-AEA5-F3992C70A93B}"
EndProject
Global
	GlobalSection(SolutionConfigurationPlatforms) = preSolution
	Debug|Any CPU = Debug|Any CPU
	ExportDebug|Any CPU = ExportDebug|Any CPU
	ExportRelease|Any CPU = ExportRelease|Any CPU
	EndGlobalSection
	GlobalSection(ProjectConfigurationPlatforms) = postSolution
		{0432D205-9A37-4743-AEA5-F3992C70A93B}.Debug|Any CPU.ActiveCfg = Debug|Any CPU
		{0432D205-9A37-4743-AEA5-F3992C70A93B}.Debug|Any CPU.Build.0 = Debug|Any CPU
		{0432D205-9A37-4743-AEA5-F3992C70A93B}.ExportDebug|Any CPU.ActiveCfg = ExportDebug|Any CPU
		{0432D205-9A37-4743-AEA5-F3992C70A93B}.ExportDebug|Any CPU.Build.0 = ExportDebug|Any CPU
		{0432D205-9A37-4743-AEA5-F3992C70A93B}.ExportRelease|Any CPU.ActiveCfg = ExportRelease|Any CPU
		{0432D205-9A37-4743-AEA5-F3992C70A93B}.ExportRelease|Any CPU.Build.0 = ExportRelease|Any CPU
	EndGlobalSection
EndGlobal
